PODS:
  - Alamofire (5.0.5)
  - CocoaImageHashing (1.7.0)
  - CropViewController (2.6.1)
  - DKCamera (1.6.7)
  - DKImagePickerController (4.3.3):
    - DKImagePickerController/Camera (= 4.3.3)
    - DKImagePickerController/Core (= 4.3.3)
    - DKImagePickerController/ImageDataManager (= 4.3.3)
    - DKImagePickerController/InlineCamera (= 4.3.3)
    - DKImagePickerController/PhotoEditor (= 4.3.3)
    - DKImagePickerController/PhotoGallery (= 4.3.3)
    - DKImagePickerController/Resource (= 4.3.3)
  - DKImagePickerController/Camera (4.3.3):
    - DKCamera
    - DKImagePickerController/Core
  - DKImagePickerController/Core (4.3.3):
    - DKImagePickerController/ImageDataManager
    - DKImagePickerController/Resource
  - DKImagePickerController/ImageDataManager (4.3.3)
  - DKImagePickerController/InlineCamera (4.3.3):
    - DKCamera
    - DKImagePickerController/Core
  - DKImagePickerController/PhotoEditor (4.3.3):
    - CropViewController (~> 2.5)
    - DKImagePickerController/Core
  - DKImagePickerController/PhotoGallery (4.3.3):
    - DKImagePickerController/Core
    - DKPhotoGallery
  - DKImagePickerController/Resource (4.3.3)
  - DKPhotoGallery (0.0.17):
    - DKPhotoGallery/Core (= 0.0.17)
    - DKPhotoGallery/Model (= 0.0.17)
    - DKPhotoGallery/Preview (= 0.0.17)
    - DKPhotoGallery/Resource (= 0.0.17)
    - SDWebImage
    - SwiftyGif
  - DKPhotoGallery/Core (0.0.17):
    - DKPhotoGallery/Model
    - DKPhotoGallery/Preview
    - SDWebImage
    - SwiftyGif
  - DKPhotoGallery/Model (0.0.17):
    - SDWebImage
    - SwiftyGif
  - DKPhotoGallery/Preview (0.0.17):
    - DKPhotoGallery/Model
    - DKPhotoGallery/Resource
    - SDWebImage
    - SwiftyGif
  - DKPhotoGallery/Resource (0.0.17):
    - SDWebImage
    - SwiftyGif
  - Files (4.0.2)
  - KAPinField (5.0.2)
  - lottie-ios (3.3.0)
  - MediaBrowser (2.3.0):
    - SDWebImage
    - UICircularProgressRing
  - MultiProgressView (1.3.0)
  - OTPFieldView (1.0.1)
  - ProgressHUD (13.6)
  - ReachabilitySwift (5.0.0)
  - SDWebImage (5.12.6):
    - SDWebImage/Core (= 5.12.6)
  - SDWebImage/Core (5.12.6)
  - SPStorkController (1.8.5)
  - SwiftyGif (5.4.3)
  - SwiftyStoreKit (0.16.1)
  - SystemServices (2.0.1)
  - TTSegmentedControl (0.4.10)
  - UICircularProgressRing (8.0.0)
  - YRPayment (1.4)

DEPENDENCIES:
  - Alamofire (~> 5.0.0-rc.2)
  - CocoaImageHashing
  - DKImagePickerController
  - Files
  - KAPinField
  - lottie-ios
  - MediaBrowser
  - MultiProgressView
  - OTPFieldView
  - ProgressHUD
  - ReachabilitySwift
  - SDWebImage
  - SPStorkController
  - SwiftyStoreKit
  - SystemServices
  - SystemServices (~> 2.0.1)
  - TTSegmentedControl
  - UICircularProgressRing
  - YRPayment

SPEC REPOS:
  trunk:
    - Alamofire
    - CocoaImageHashing
    - CropViewController
    - DKCamera
    - DKImagePickerController
    - DKPhotoGallery
    - Files
    - KAPinField
    - lottie-ios
    - MediaBrowser
    - MultiProgressView
    - OTPFieldView
    - ProgressHUD
    - ReachabilitySwift
    - SDWebImage
    - SPStorkController
    - SwiftyGif
    - SwiftyStoreKit
    - SystemServices
    - TTSegmentedControl
    - UICircularProgressRing
    - YRPayment

SPEC CHECKSUMS:
  Alamofire: df2f8f826963b08b9a870791ad48e07a10090b2e
  CocoaImageHashing: 2c8efd6dd60f9030cd54086b34ffc48e927821c3
  CropViewController: 58fb440f30dac788b129d2a1f24cffdcb102669c
  DKCamera: a902b66921fca14b7a75266feb8c7568aa7caa71
  DKImagePickerController: 72fd378f244cef3d27288e0aebf217a4467e4012
  DKPhotoGallery: fdfad5125a9fdda9cc57df834d49df790dbb4179
  Files: d88e31b84d65e754935053b1c584ea8e2320698a
  KAPinField: b7c0a68a3887f3a1c42446bfc4cbf76d5abf0f4f
  lottie-ios: 6ac74dcc09904798f59b18cb3075c089d76be9ae
  MediaBrowser: 6dc19b2d900db201083f2cdfb8bd650be7382bc3
  MultiProgressView: 65e5bb8181687099ade56d16d85d245a92fafa96
  OTPFieldView: 700a752fe62c41d1c4914c78aa500fb30d97c255
  ProgressHUD: 4bdaa0d2ddf676b23324b199f9facffb5c3a1620
  ReachabilitySwift: 985039c6f7b23a1da463388634119492ff86c825
  SDWebImage: a47aea9e3d8816015db4e523daff50cfd294499d
  SPStorkController: 68966ed3134de2be2a8bbd1475c7e81f3f7d01ee
  SwiftyGif: 6c3eafd0ce693cad58bb63d2b2fb9bacb8552780
  SwiftyStoreKit: 6b9c08810269f030586dac1fae8e75871a82e84a
  SystemServices: 7af348493ece8951449b476c41532df72569b181
  TTSegmentedControl: d8005c0cdca2549ade0aee8e09240723e2478a6a
  UICircularProgressRing: 19927375b2b21b5fa5fd9582f15ccdef9659da16
  YRPayment: 0f4c2caf631e974be21f702bf725d05ac7f96546

PODFILE CHECKSUM: 91d09b593b2e033548dab977d11971948f35d047

COCOAPODS: 1.11.2
