// !$*UTF8*$!
{
	archiveVersion = 1;
	classes = {
	};
	objectVersion = 55;
	objects = {

/* Begin PBXBuildFile section */
		0CC7CC333DE0234A46BD80B7 /* Pods_SmartCleaner.framework in Frameworks */ = {isa = PBXBuildFile; fileRef = 50315CD9122E7510C5CE9346 /* Pods_SmartCleaner.framework */; };
		6012F37E2858F0D7006C4CEE /* Screenshot.swift in Sources */ = {isa = PBXBuildFile; fileRef = 6012F37D2858F0D7006C4CEE /* Screenshot.swift */; };
		601C758F285F5D6C00DBFC4E /* DuplicateGroup.swift in Sources */ = {isa = PBXBuildFile; fileRef = 601C758E285F5D6C00DBFC4E /* DuplicateGroup.swift */; };
		60577107284781D600A36FD9 /* Globals.swift in Sources */ = {isa = PBXBuildFile; fileRef = 60577106284781D600A36FD9 /* Globals.swift */; };
		60577109284787D500A36FD9 /* Extensions.swift in Sources */ = {isa = PBXBuildFile; fileRef = 60577108284787D500A36FD9 /* Extensions.swift */; };
		6057710B284788A800A36FD9 /* ColorPalette.swift in Sources */ = {isa = PBXBuildFile; fileRef = 6057710A284788A800A36FD9 /* ColorPalette.swift */; };
		605771142847A22900A36FD9 /* Poppins-SemiBold.ttf in Resources */ = {isa = PBXBuildFile; fileRef = 6057710F2847A22900A36FD9 /* Poppins-SemiBold.ttf */; };
		605771152847A22900A36FD9 /* Poppins-Medium.ttf in Resources */ = {isa = PBXBuildFile; fileRef = 605771102847A22900A36FD9 /* Poppins-Medium.ttf */; };
		605771162847A22900A36FD9 /* Poppins-Bold.ttf in Resources */ = {isa = PBXBuildFile; fileRef = 605771112847A22900A36FD9 /* Poppins-Bold.ttf */; };
		605771172847A22900A36FD9 /* Poppins-Regular.ttf in Resources */ = {isa = PBXBuildFile; fileRef = 605771122847A22900A36FD9 /* Poppins-Regular.ttf */; };
		605771182847A22900A36FD9 /* Poppins-Light.ttf in Resources */ = {isa = PBXBuildFile; fileRef = 605771132847A22900A36FD9 /* Poppins-Light.ttf */; };
		6057711B2847AF3400A36FD9 /* inApp.swift in Sources */ = {isa = PBXBuildFile; fileRef = 6057711A2847AF3400A36FD9 /* inApp.swift */; };
		605831E72857C4DD009A65FB /* PhotoModel.xcdatamodeld in Sources */ = {isa = PBXBuildFile; fileRef = 605831E52857C4DD009A65FB /* PhotoModel.xcdatamodeld */; };
		605831EA2857C502009A65FB /* Photo+CoreDataClass.swift in Sources */ = {isa = PBXBuildFile; fileRef = 605831E82857C502009A65FB /* Photo+CoreDataClass.swift */; };
		605831EB2857C502009A65FB /* Photo+CoreDataProperties.swift in Sources */ = {isa = PBXBuildFile; fileRef = 605831E92857C502009A65FB /* Photo+CoreDataProperties.swift */; };
		605831ED2857CAE5009A65FB /* DataController.swift in Sources */ = {isa = PBXBuildFile; fileRef = 605831EC2857CAE5009A65FB /* DataController.swift */; };
		605898CC2853200E00A4209D /* CircleProgressBar.swift in Sources */ = {isa = PBXBuildFile; fileRef = 605898CB2853200E00A4209D /* CircleProgressBar.swift */; };
		6060366A2850EDCE006F54F6 /* PasscodeView.swift in Sources */ = {isa = PBXBuildFile; fileRef = 606036692850EDCE006F54F6 /* PasscodeView.swift */; };
		6060366C2850F240006F54F6 /* ViewModal.swift in Sources */ = {isa = PBXBuildFile; fileRef = 6060366B2850F240006F54F6 /* ViewModal.swift */; };
		60B638C4285A0060007D4284 /* ImageViewer in Frameworks */ = {isa = PBXBuildFile; productRef = 60B638C3285A0060007D4284 /* ImageViewer */; };
		60B638CA285A05BA007D4284 /* UIView+Decoration.swift in Sources */ = {isa = PBXBuildFile; fileRef = 60B638C9285A05BA007D4284 /* UIView+Decoration.swift */; };
		60B638CC285A08A5007D4284 /* FullScreenPresent.swift in Sources */ = {isa = PBXBuildFile; fileRef = 60B638CB285A08A5007D4284 /* FullScreenPresent.swift */; };
		60B638D0285A125A007D4284 /* DuplicateView.swift in Sources */ = {isa = PBXBuildFile; fileRef = 60B638CF285A125A007D4284 /* DuplicateView.swift */; };
		60D7DACD2851DE8200BAB46C /* StorageListView.swift in Sources */ = {isa = PBXBuildFile; fileRef = 60D7DACC2851DE8200BAB46C /* StorageListView.swift */; };
		60D7DAD12851FC1800BAB46C /* PasswordView.swift in Sources */ = {isa = PBXBuildFile; fileRef = 60D7DAD02851FC1800BAB46C /* PasswordView.swift */; };
		60D7DAD3285221AB00BAB46C /* EmptyMedia.swift in Sources */ = {isa = PBXBuildFile; fileRef = 60D7DAD2285221AB00BAB46C /* EmptyMedia.swift */; };
		60EFE76C28535B04004A55E1 /* ImagePickerView.swift in Sources */ = {isa = PBXBuildFile; fileRef = 60EFE76B28535B04004A55E1 /* ImagePickerView.swift */; };
		60F456032848DDD300EF3CEA /* LargeVideosView.swift in Sources */ = {isa = PBXBuildFile; fileRef = 60F456022848DDD300EF3CEA /* LargeVideosView.swift */; };
		60F456072848DE0900EF3CEA /* ScreenshotView.swift in Sources */ = {isa = PBXBuildFile; fileRef = 60F456062848DE0900EF3CEA /* ScreenshotView.swift */; };
		60F456092848DE1000EF3CEA /* VaultWelcomeView.swift in Sources */ = {isa = PBXBuildFile; fileRef = 60F456082848DE1000EF3CEA /* VaultWelcomeView.swift */; };
		60FE65D028489D710049C99C /* HomeButton.swift in Sources */ = {isa = PBXBuildFile; fileRef = 60FE65CF28489D710049C99C /* HomeButton.swift */; };
		60FE65D22848A1E50049C99C /* MainView.swift in Sources */ = {isa = PBXBuildFile; fileRef = 60FE65D12848A1E50049C99C /* MainView.swift */; };
		C305039C2848F00A0068A1F5 /* SettingsView.swift in Sources */ = {isa = PBXBuildFile; fileRef = C305039B2848F00A0068A1F5 /* SettingsView.swift */; };
		C305039E2848F2590068A1F5 /* SettingsButton.swift in Sources */ = {isa = PBXBuildFile; fileRef = C305039D2848F2590068A1F5 /* SettingsButton.swift */; };
		C30503A02849E4890068A1F5 /* Videos.swift in Sources */ = {isa = PBXBuildFile; fileRef = C305039F2849E4890068A1F5 /* Videos.swift */; };
		C32C5177285A205C00E1C78A /* ViewController.swift in Sources */ = {isa = PBXBuildFile; fileRef = C32C5176285A205C00E1C78A /* ViewController.swift */; };
		C3360CA828477B60005994F8 /* SmartCleanerApp.swift in Sources */ = {isa = PBXBuildFile; fileRef = C3360CA728477B60005994F8 /* SmartCleanerApp.swift */; };
		C3360CAC28477B62005994F8 /* Assets.xcassets in Resources */ = {isa = PBXBuildFile; fileRef = C3360CAB28477B62005994F8 /* Assets.xcassets */; };
		C3360CAF28477B62005994F8 /* Preview Assets.xcassets in Resources */ = {isa = PBXBuildFile; fileRef = C3360CAE28477B62005994F8 /* Preview Assets.xcassets */; };
		C3360CB628477CB4005994F8 /* OnboardingView.swift in Sources */ = {isa = PBXBuildFile; fileRef = C3360CB528477CB4005994F8 /* OnboardingView.swift */; };
		C336F68C2862F02C007CA2A4 /* loadingAnimation.json in Resources */ = {isa = PBXBuildFile; fileRef = C336F68B2862F02C007CA2A4 /* loadingAnimation.json */; };
		C336F68E2862F27B007CA2A4 /* LottieView.swift in Sources */ = {isa = PBXBuildFile; fileRef = C336F68D2862F27B007CA2A4 /* LottieView.swift */; };
		C33F5F762858CBCC00817523 /* CustomPlayer.swift in Sources */ = {isa = PBXBuildFile; fileRef = C33F5F752858CBCC00817523 /* CustomPlayer.swift */; };
		C3698046284F4621004D59E0 /* AlertX in Frameworks */ = {isa = PBXBuildFile; productRef = C3698045284F4621004D59E0 /* AlertX */; };
		C3698048284F67D6004D59E0 /* DuplicateModel.swift in Sources */ = {isa = PBXBuildFile; fileRef = C3698047284F67D6004D59E0 /* DuplicateModel.swift */; };
		C369804A284F6824004D59E0 /* Functions.swift in Sources */ = {isa = PBXBuildFile; fileRef = C3698049284F6824004D59E0 /* Functions.swift */; };
		C369804D284F6868004D59E0 /* ImageManager.swift in Sources */ = {isa = PBXBuildFile; fileRef = C369804C284F6868004D59E0 /* ImageManager.swift */; };
		C369804F284F6919004D59E0 /* FindDuplicatesUsingThumbnail.swift in Sources */ = {isa = PBXBuildFile; fileRef = C369804E284F6919004D59E0 /* FindDuplicatesUsingThumbnail.swift */; };
		C3ECFD372858BA4400DBDC63 /* VideoModel.swift in Sources */ = {isa = PBXBuildFile; fileRef = C3ECFD362858BA4400DBDC63 /* VideoModel.swift */; };
/* End PBXBuildFile section */

/* Begin PBXFileReference section */
		50315CD9122E7510C5CE9346 /* Pods_SmartCleaner.framework */ = {isa = PBXFileReference; explicitFileType = wrapper.framework; includeInIndex = 0; path = Pods_SmartCleaner.framework; sourceTree = BUILT_PRODUCTS_DIR; };
		6012F37D2858F0D7006C4CEE /* Screenshot.swift */ = {isa = PBXFileReference; lastKnownFileType = sourcecode.swift; path = Screenshot.swift; sourceTree = "<group>"; };
		601C758E285F5D6C00DBFC4E /* DuplicateGroup.swift */ = {isa = PBXFileReference; lastKnownFileType = sourcecode.swift; path = DuplicateGroup.swift; sourceTree = "<group>"; };
		60577106284781D600A36FD9 /* Globals.swift */ = {isa = PBXFileReference; lastKnownFileType = sourcecode.swift; path = Globals.swift; sourceTree = "<group>"; };
		60577108284787D500A36FD9 /* Extensions.swift */ = {isa = PBXFileReference; lastKnownFileType = sourcecode.swift; path = Extensions.swift; sourceTree = "<group>"; };
		6057710A284788A800A36FD9 /* ColorPalette.swift */ = {isa = PBXFileReference; lastKnownFileType = sourcecode.swift; path = ColorPalette.swift; sourceTree = "<group>"; };
		6057710F2847A22900A36FD9 /* Poppins-SemiBold.ttf */ = {isa = PBXFileReference; lastKnownFileType = file; path = "Poppins-SemiBold.ttf"; sourceTree = "<group>"; };
		605771102847A22900A36FD9 /* Poppins-Medium.ttf */ = {isa = PBXFileReference; lastKnownFileType = file; path = "Poppins-Medium.ttf"; sourceTree = "<group>"; };
		605771112847A22900A36FD9 /* Poppins-Bold.ttf */ = {isa = PBXFileReference; lastKnownFileType = file; path = "Poppins-Bold.ttf"; sourceTree = "<group>"; };
		605771122847A22900A36FD9 /* Poppins-Regular.ttf */ = {isa = PBXFileReference; lastKnownFileType = file; path = "Poppins-Regular.ttf"; sourceTree = "<group>"; };
		605771132847A22900A36FD9 /* Poppins-Light.ttf */ = {isa = PBXFileReference; lastKnownFileType = file; path = "Poppins-Light.ttf"; sourceTree = "<group>"; };
		605771192847A26300A36FD9 /* Info.plist */ = {isa = PBXFileReference; lastKnownFileType = text.plist.xml; path = Info.plist; sourceTree = "<group>"; };
		6057711A2847AF3400A36FD9 /* inApp.swift */ = {isa = PBXFileReference; lastKnownFileType = sourcecode.swift; path = inApp.swift; sourceTree = "<group>"; };
		605831E62857C4DD009A65FB /* PhotoModel.xcdatamodel */ = {isa = PBXFileReference; lastKnownFileType = wrapper.xcdatamodel; path = PhotoModel.xcdatamodel; sourceTree = "<group>"; };
		605831E82857C502009A65FB /* Photo+CoreDataClass.swift */ = {isa = PBXFileReference; lastKnownFileType = sourcecode.swift; path = "Photo+CoreDataClass.swift"; sourceTree = SOURCE_ROOT; };
		605831E92857C502009A65FB /* Photo+CoreDataProperties.swift */ = {isa = PBXFileReference; lastKnownFileType = sourcecode.swift; path = "Photo+CoreDataProperties.swift"; sourceTree = SOURCE_ROOT; };
		605831EC2857CAE5009A65FB /* DataController.swift */ = {isa = PBXFileReference; lastKnownFileType = sourcecode.swift; path = DataController.swift; sourceTree = "<group>"; };
		605898CB2853200E00A4209D /* CircleProgressBar.swift */ = {isa = PBXFileReference; lastKnownFileType = sourcecode.swift; path = CircleProgressBar.swift; sourceTree = "<group>"; };
		606036692850EDCE006F54F6 /* PasscodeView.swift */ = {isa = PBXFileReference; lastKnownFileType = sourcecode.swift; path = PasscodeView.swift; sourceTree = "<group>"; };
		6060366B2850F240006F54F6 /* ViewModal.swift */ = {isa = PBXFileReference; lastKnownFileType = sourcecode.swift; path = ViewModal.swift; sourceTree = "<group>"; };
		60B638C9285A05BA007D4284 /* UIView+Decoration.swift */ = {isa = PBXFileReference; lastKnownFileType = sourcecode.swift; path = "UIView+Decoration.swift"; sourceTree = "<group>"; };
		60B638CB285A08A5007D4284 /* FullScreenPresent.swift */ = {isa = PBXFileReference; lastKnownFileType = sourcecode.swift; path = FullScreenPresent.swift; sourceTree = "<group>"; };
		60B638CF285A125A007D4284 /* DuplicateView.swift */ = {isa = PBXFileReference; lastKnownFileType = sourcecode.swift; path = DuplicateView.swift; sourceTree = "<group>"; };
		60D7DACC2851DE8200BAB46C /* StorageListView.swift */ = {isa = PBXFileReference; lastKnownFileType = sourcecode.swift; path = StorageListView.swift; sourceTree = "<group>"; };
		60D7DAD02851FC1800BAB46C /* PasswordView.swift */ = {isa = PBXFileReference; lastKnownFileType = sourcecode.swift; path = PasswordView.swift; sourceTree = "<group>"; };
		60D7DAD2285221AB00BAB46C /* EmptyMedia.swift */ = {isa = PBXFileReference; lastKnownFileType = sourcecode.swift; path = EmptyMedia.swift; sourceTree = "<group>"; };
		60EFE76B28535B04004A55E1 /* ImagePickerView.swift */ = {isa = PBXFileReference; lastKnownFileType = sourcecode.swift; path = ImagePickerView.swift; sourceTree = "<group>"; };
		60F456022848DDD300EF3CEA /* LargeVideosView.swift */ = {isa = PBXFileReference; lastKnownFileType = sourcecode.swift; path = LargeVideosView.swift; sourceTree = "<group>"; };
		60F456062848DE0900EF3CEA /* ScreenshotView.swift */ = {isa = PBXFileReference; lastKnownFileType = sourcecode.swift; path = ScreenshotView.swift; sourceTree = "<group>"; };
		60F456082848DE1000EF3CEA /* VaultWelcomeView.swift */ = {isa = PBXFileReference; lastKnownFileType = sourcecode.swift; path = VaultWelcomeView.swift; sourceTree = "<group>"; };
		60FE65CF28489D710049C99C /* HomeButton.swift */ = {isa = PBXFileReference; lastKnownFileType = sourcecode.swift; path = HomeButton.swift; sourceTree = "<group>"; };
		60FE65D12848A1E50049C99C /* MainView.swift */ = {isa = PBXFileReference; lastKnownFileType = sourcecode.swift; path = MainView.swift; sourceTree = "<group>"; };
		82B291CF73DF8A05E8FD72B6 /* Pods-SmartCleaner.release.xcconfig */ = {isa = PBXFileReference; includeInIndex = 1; lastKnownFileType = text.xcconfig; name = "Pods-SmartCleaner.release.xcconfig"; path = "Target Support Files/Pods-SmartCleaner/Pods-SmartCleaner.release.xcconfig"; sourceTree = "<group>"; };
		C305039B2848F00A0068A1F5 /* SettingsView.swift */ = {isa = PBXFileReference; lastKnownFileType = sourcecode.swift; path = SettingsView.swift; sourceTree = "<group>"; };
		C305039D2848F2590068A1F5 /* SettingsButton.swift */ = {isa = PBXFileReference; lastKnownFileType = sourcecode.swift; path = SettingsButton.swift; sourceTree = "<group>"; };
		C305039F2849E4890068A1F5 /* Videos.swift */ = {isa = PBXFileReference; lastKnownFileType = sourcecode.swift; path = Videos.swift; sourceTree = "<group>"; };
		C32C5176285A205C00E1C78A /* ViewController.swift */ = {isa = PBXFileReference; lastKnownFileType = sourcecode.swift; path = ViewController.swift; sourceTree = "<group>"; };
		C3360CA428477B60005994F8 /* SmartCleaner.app */ = {isa = PBXFileReference; explicitFileType = wrapper.application; includeInIndex = 0; path = SmartCleaner.app; sourceTree = BUILT_PRODUCTS_DIR; };
		C3360CA728477B60005994F8 /* SmartCleanerApp.swift */ = {isa = PBXFileReference; lastKnownFileType = sourcecode.swift; path = SmartCleanerApp.swift; sourceTree = "<group>"; };
		C3360CAB28477B62005994F8 /* Assets.xcassets */ = {isa = PBXFileReference; lastKnownFileType = folder.assetcatalog; path = Assets.xcassets; sourceTree = "<group>"; };
		C3360CAE28477B62005994F8 /* Preview Assets.xcassets */ = {isa = PBXFileReference; lastKnownFileType = folder.assetcatalog; path = "Preview Assets.xcassets"; sourceTree = "<group>"; };
		C3360CB528477CB4005994F8 /* OnboardingView.swift */ = {isa = PBXFileReference; lastKnownFileType = sourcecode.swift; path = OnboardingView.swift; sourceTree = "<group>"; };
		C336F68B2862F02C007CA2A4 /* loadingAnimation.json */ = {isa = PBXFileReference; fileEncoding = 4; lastKnownFileType = text.json; path = loadingAnimation.json; sourceTree = "<group>"; };
		C336F68D2862F27B007CA2A4 /* LottieView.swift */ = {isa = PBXFileReference; lastKnownFileType = sourcecode.swift; path = LottieView.swift; sourceTree = "<group>"; };
		C33F5F752858CBCC00817523 /* CustomPlayer.swift */ = {isa = PBXFileReference; lastKnownFileType = sourcecode.swift; path = CustomPlayer.swift; sourceTree = "<group>"; };
		C3698047284F67D6004D59E0 /* DuplicateModel.swift */ = {isa = PBXFileReference; lastKnownFileType = sourcecode.swift; path = DuplicateModel.swift; sourceTree = "<group>"; };
		C3698049284F6824004D59E0 /* Functions.swift */ = {isa = PBXFileReference; lastKnownFileType = sourcecode.swift; path = Functions.swift; sourceTree = "<group>"; };
		C369804C284F6868004D59E0 /* ImageManager.swift */ = {isa = PBXFileReference; lastKnownFileType = sourcecode.swift; path = ImageManager.swift; sourceTree = "<group>"; };
		C369804E284F6919004D59E0 /* FindDuplicatesUsingThumbnail.swift */ = {isa = PBXFileReference; lastKnownFileType = sourcecode.swift; path = FindDuplicatesUsingThumbnail.swift; sourceTree = "<group>"; };
		C3ECFD362858BA4400DBDC63 /* VideoModel.swift */ = {isa = PBXFileReference; lastKnownFileType = sourcecode.swift; path = VideoModel.swift; sourceTree = "<group>"; };
		CA972D8281451C9EBC419CAE /* Pods-SmartCleaner.debug.xcconfig */ = {isa = PBXFileReference; includeInIndex = 1; lastKnownFileType = text.xcconfig; name = "Pods-SmartCleaner.debug.xcconfig"; path = "Target Support Files/Pods-SmartCleaner/Pods-SmartCleaner.debug.xcconfig"; sourceTree = "<group>"; };
/* End PBXFileReference section */

/* Begin PBXFrameworksBuildPhase section */
		C3360CA128477B60005994F8 /* Frameworks */ = {
			isa = PBXFrameworksBuildPhase;
			buildActionMask = 2147483647;
			files = (
				C3698046284F4621004D59E0 /* AlertX in Frameworks */,
				60B638C4285A0060007D4284 /* ImageViewer in Frameworks */,
				0CC7CC333DE0234A46BD80B7 /* Pods_SmartCleaner.framework in Frameworks */,
			);
			runOnlyForDeploymentPostprocessing = 0;
		};
/* End PBXFrameworksBuildPhase section */

/* Begin PBXGroup section */
		3FD9890BCF1BE404068B0572 /* Pods */ = {
			isa = PBXGroup;
			children = (
				CA972D8281451C9EBC419CAE /* Pods-SmartCleaner.debug.xcconfig */,
				82B291CF73DF8A05E8FD72B6 /* Pods-SmartCleaner.release.xcconfig */,
			);
			path = Pods;
			sourceTree = "<group>";
		};
		601A94B128536DA4005F327E /* CoreData */ = {
			isa = PBXGroup;
			children = (
				605831EC2857CAE5009A65FB /* DataController.swift */,
				605831E82857C502009A65FB /* Photo+CoreDataClass.swift */,
				605831E92857C502009A65FB /* Photo+CoreDataProperties.swift */,
				605831E52857C4DD009A65FB /* PhotoModel.xcdatamodeld */,
			);
			path = CoreData;
			sourceTree = "<group>";
		};
		601A94B228536E0C005F327E /* Onboarding */ = {
			isa = PBXGroup;
			children = (
				C3360CB528477CB4005994F8 /* OnboardingView.swift */,
				6057711A2847AF3400A36FD9 /* inApp.swift */,
			);
			path = Onboarding;
			sourceTree = "<group>";
		};
		601A94B328536E27005F327E /* View */ = {
			isa = PBXGroup;
			children = (
				60FE65D12848A1E50049C99C /* MainView.swift */,
				60D7DACC2851DE8200BAB46C /* StorageListView.swift */,
				60EFE76B28535B04004A55E1 /* ImagePickerView.swift */,
				60F456062848DE0900EF3CEA /* ScreenshotView.swift */,
				60B638CF285A125A007D4284 /* DuplicateView.swift */,
				60F456022848DDD300EF3CEA /* LargeVideosView.swift */,
				60F456082848DE1000EF3CEA /* VaultWelcomeView.swift */,
				60D7DAD02851FC1800BAB46C /* PasswordView.swift */,
				606036692850EDCE006F54F6 /* PasscodeView.swift */,
				C305039B2848F00A0068A1F5 /* SettingsView.swift */,
				C32C5176285A205C00E1C78A /* ViewController.swift */,
				C336F68D2862F27B007CA2A4 /* LottieView.swift */,
			);
			path = View;
			sourceTree = "<group>";
		};
		601A94B428536F15005F327E /* Helpers */ = {
			isa = PBXGroup;
			children = (
				60B638C9285A05BA007D4284 /* UIView+Decoration.swift */,
				C3360CAB28477B62005994F8 /* Assets.xcassets */,
				6057710A284788A800A36FD9 /* ColorPalette.swift */,
				60577108284787D500A36FD9 /* Extensions.swift */,
				C3698049284F6824004D59E0 /* Functions.swift */,
				60577106284781D600A36FD9 /* Globals.swift */,
				C336F68B2862F02C007CA2A4 /* loadingAnimation.json */,
			);
			path = Helpers;
			sourceTree = "<group>";
		};
		601A94B528536F29005F327E /* ViewModals */ = {
			isa = PBXGroup;
			children = (
				60FE65CF28489D710049C99C /* HomeButton.swift */,
				60B638CB285A08A5007D4284 /* FullScreenPresent.swift */,
				60D7DAD2285221AB00BAB46C /* EmptyMedia.swift */,
				605898CB2853200E00A4209D /* CircleProgressBar.swift */,
				6060366B2850F240006F54F6 /* ViewModal.swift */,
				C305039D2848F2590068A1F5 /* SettingsButton.swift */,
			);
			path = ViewModals;
			sourceTree = "<group>";
		};
		601A94B628536FA4005F327E /* Modals */ = {
			isa = PBXGroup;
			children = (
				C305039F2849E4890068A1F5 /* Videos.swift */,
				6012F37D2858F0D7006C4CEE /* Screenshot.swift */,
				601C758E285F5D6C00DBFC4E /* DuplicateGroup.swift */,
			);
			path = Modals;
			sourceTree = "<group>";
		};
		6057710E2847A21900A36FD9 /* Font */ = {
			isa = PBXGroup;
			children = (
				605771112847A22900A36FD9 /* Poppins-Bold.ttf */,
				6057710F2847A22900A36FD9 /* Poppins-SemiBold.ttf */,
				605771102847A22900A36FD9 /* Poppins-Medium.ttf */,
				605771122847A22900A36FD9 /* Poppins-Regular.ttf */,
				605771132847A22900A36FD9 /* Poppins-Light.ttf */,
			);
			path = Font;
			sourceTree = "<group>";
		};
		98A492DDFA0F022EDAA15AB8 /* Frameworks */ = {
			isa = PBXGroup;
			children = (
				50315CD9122E7510C5CE9346 /* Pods_SmartCleaner.framework */,
			);
			name = Frameworks;
			sourceTree = "<group>";
		};
		C3360C9B28477B60005994F8 = {
			isa = PBXGroup;
			children = (
				C3360CA628477B60005994F8 /* SmartCleaner */,
				C3360CA528477B60005994F8 /* Products */,
				3FD9890BCF1BE404068B0572 /* Pods */,
				98A492DDFA0F022EDAA15AB8 /* Frameworks */,
			);
			sourceTree = "<group>";
		};
		C3360CA528477B60005994F8 /* Products */ = {
			isa = PBXGroup;
			children = (
				C3360CA428477B60005994F8 /* SmartCleaner.app */,
			);
			name = Products;
			sourceTree = "<group>";
		};
		C3360CA628477B60005994F8 /* SmartCleaner */ = {
			isa = PBXGroup;
			children = (
				C3ECFD352858BA2D00DBDC63 /* LargeVideos */,
				605771192847A26300A36FD9 /* Info.plist */,
				C3360CA728477B60005994F8 /* SmartCleanerApp.swift */,
				C369804B284F6857004D59E0 /* Duplicate */,
				601A94B128536DA4005F327E /* CoreData */,
				C3360CAD28477B62005994F8 /* Preview Content */,
				6057710E2847A21900A36FD9 /* Font */,
				601A94B228536E0C005F327E /* Onboarding */,
				601A94B328536E27005F327E /* View */,
				601A94B528536F29005F327E /* ViewModals */,
				601A94B428536F15005F327E /* Helpers */,
				601A94B628536FA4005F327E /* Modals */,
			);
			path = SmartCleaner;
			sourceTree = "<group>";
		};
		C3360CAD28477B62005994F8 /* Preview Content */ = {
			isa = PBXGroup;
			children = (
				C3360CAE28477B62005994F8 /* Preview Assets.xcassets */,
			);
			path = "Preview Content";
			sourceTree = "<group>";
		};
		C369804B284F6857004D59E0 /* Duplicate */ = {
			isa = PBXGroup;
			children = (
				C3698047284F67D6004D59E0 /* DuplicateModel.swift */,
				C369804C284F6868004D59E0 /* ImageManager.swift */,
				C369804E284F6919004D59E0 /* FindDuplicatesUsingThumbnail.swift */,
			);
			path = Duplicate;
			sourceTree = "<group>";
		};
		C3ECFD352858BA2D00DBDC63 /* LargeVideos */ = {
			isa = PBXGroup;
			children = (
				C3ECFD362858BA4400DBDC63 /* VideoModel.swift */,
				C33F5F752858CBCC00817523 /* CustomPlayer.swift */,
			);
			name = LargeVideos;
			path = "LargeVşdeos";
			sourceTree = "<group>";
		};
/* End PBXGroup section */

/* Begin PBXNativeTarget section */
		C3360CA328477B60005994F8 /* SmartCleaner */ = {
			isa = PBXNativeTarget;
			buildConfigurationList = C3360CB228477B62005994F8 /* Build configuration list for PBXNativeTarget "SmartCleaner" */;
			buildPhases = (
				32648A8FDB706F16815A29A5 /* [CP] Check Pods Manifest.lock */,
				C3360CA028477B60005994F8 /* Sources */,
				C3360CA128477B60005994F8 /* Frameworks */,
				C3360CA228477B60005994F8 /* Resources */,
				DCF8D6F68154DE3B81791B71 /* [CP] Embed Pods Frameworks */,
			);
			buildRules = (
			);
			dependencies = (
			);
			name = SmartCleaner;
			packageProductDependencies = (
				C3698045284F4621004D59E0 /* AlertX */,
				60B638C3285A0060007D4284 /* ImageViewer */,
			);
			productName = SmartCleaner;
			productReference = C3360CA428477B60005994F8 /* SmartCleaner.app */;
			productType = "com.apple.product-type.application";
		};
/* End PBXNativeTarget section */

/* Begin PBXProject section */
		C3360C9C28477B60005994F8 /* Project object */ = {
			isa = PBXProject;
			attributes = {
				BuildIndependentTargetsInParallel = 1;
				LastSwiftUpdateCheck = 1330;
				LastUpgradeCheck = 1330;
				TargetAttributes = {
					C3360CA328477B60005994F8 = {
						CreatedOnToolsVersion = 13.3;
					};
				};
			};
			buildConfigurationList = C3360C9F28477B60005994F8 /* Build configuration list for PBXProject "SmartCleaner" */;
			compatibilityVersion = "Xcode 13.0";
			developmentRegion = en;
			hasScannedForEncodings = 0;
			knownRegions = (
				en,
				Base,
			);
			mainGroup = C3360C9B28477B60005994F8;
			packageReferences = (
				C3698044284F4621004D59E0 /* XCRemoteSwiftPackageReference "AlertX" */,
				60B638C2285A0060007D4284 /* XCRemoteSwiftPackageReference "swiftui-image-viewer" */,
			);
			productRefGroup = C3360CA528477B60005994F8 /* Products */;
			projectDirPath = "";
			projectRoot = "";
			targets = (
				C3360CA328477B60005994F8 /* SmartCleaner */,
			);
		};
/* End PBXProject section */

/* Begin PBXResourcesBuildPhase section */
		C3360CA228477B60005994F8 /* Resources */ = {
			isa = PBXResourcesBuildPhase;
			buildActionMask = 2147483647;
			files = (
				605771182847A22900A36FD9 /* Poppins-Light.ttf in Resources */,
				605771142847A22900A36FD9 /* Poppins-SemiBold.ttf in Resources */,
				605771152847A22900A36FD9 /* Poppins-Medium.ttf in Resources */,
				C336F68C2862F02C007CA2A4 /* loadingAnimation.json in Resources */,
				605771162847A22900A36FD9 /* Poppins-Bold.ttf in Resources */,
				605771172847A22900A36FD9 /* Poppins-Regular.ttf in Resources */,
				C3360CAF28477B62005994F8 /* Preview Assets.xcassets in Resources */,
				C3360CAC28477B62005994F8 /* Assets.xcassets in Resources */,
			);
			runOnlyForDeploymentPostprocessing = 0;
		};
/* End PBXResourcesBuildPhase section */

/* Begin PBXShellScriptBuildPhase section */
		32648A8FDB706F16815A29A5 /* [CP] Check Pods Manifest.lock */ = {
			isa = PBXShellScriptBuildPhase;
			buildActionMask = 2147483647;
			files = (
			);
			inputFileListPaths = (
			);
			inputPaths = (
				"${PODS_PODFILE_DIR_PATH}/Podfile.lock",
				"${PODS_ROOT}/Manifest.lock",
			);
			name = "[CP] Check Pods Manifest.lock";
			outputFileListPaths = (
			);
			outputPaths = (
				"$(DERIVED_FILE_DIR)/Pods-SmartCleaner-checkManifestLockResult.txt",
			);
			runOnlyForDeploymentPostprocessing = 0;
			shellPath = /bin/sh;
			shellScript = "diff \"${PODS_PODFILE_DIR_PATH}/Podfile.lock\" \"${PODS_ROOT}/Manifest.lock\" > /dev/null\nif [ $? != 0 ] ; then\n    # print error to STDERR\n    echo \"error: The sandbox is not in sync with the Podfile.lock. Run 'pod install' or update your CocoaPods installation.\" >&2\n    exit 1\nfi\n# This output is used by Xcode 'outputs' to avoid re-running this script phase.\necho \"SUCCESS\" > \"${SCRIPT_OUTPUT_FILE_0}\"\n";
			showEnvVarsInLog = 0;
		};
		DCF8D6F68154DE3B81791B71 /* [CP] Embed Pods Frameworks */ = {
			isa = PBXShellScriptBuildPhase;
			buildActionMask = 2147483647;
			files = (
			);
			inputFileListPaths = (
				"${PODS_ROOT}/Target Support Files/Pods-SmartCleaner/Pods-SmartCleaner-frameworks-${CONFIGURATION}-input-files.xcfilelist",
			);
			name = "[CP] Embed Pods Frameworks";
			outputFileListPaths = (
				"${PODS_ROOT}/Target Support Files/Pods-SmartCleaner/Pods-SmartCleaner-frameworks-${CONFIGURATION}-output-files.xcfilelist",
			);
			runOnlyForDeploymentPostprocessing = 0;
			shellPath = /bin/sh;
			shellScript = "\"${PODS_ROOT}/Target Support Files/Pods-SmartCleaner/Pods-SmartCleaner-frameworks.sh\"\n";
			showEnvVarsInLog = 0;
		};
/* End PBXShellScriptBuildPhase section */

/* Begin PBXSourcesBuildPhase section */
		C3360CA028477B60005994F8 /* Sources */ = {
			isa = PBXSourcesBuildPhase;
			buildActionMask = 2147483647;
			files = (
				60D7DAD3285221AB00BAB46C /* EmptyMedia.swift in Sources */,
				C336F68E2862F27B007CA2A4 /* LottieView.swift in Sources */,
				60B638CC285A08A5007D4284 /* FullScreenPresent.swift in Sources */,
				C369804F284F6919004D59E0 /* FindDuplicatesUsingThumbnail.swift in Sources */,
				60B638CA285A05BA007D4284 /* UIView+Decoration.swift in Sources */,
				C33F5F762858CBCC00817523 /* CustomPlayer.swift in Sources */,
				60F456032848DDD300EF3CEA /* LargeVideosView.swift in Sources */,
				60B638D0285A125A007D4284 /* DuplicateView.swift in Sources */,
				601C758F285F5D6C00DBFC4E /* DuplicateGroup.swift in Sources */,
				60EFE76C28535B04004A55E1 /* ImagePickerView.swift in Sources */,
				6057711B2847AF3400A36FD9 /* inApp.swift in Sources */,
				C369804D284F6868004D59E0 /* ImageManager.swift in Sources */,
				C30503A02849E4890068A1F5 /* Videos.swift in Sources */,
				6060366C2850F240006F54F6 /* ViewModal.swift in Sources */,
				605831ED2857CAE5009A65FB /* DataController.swift in Sources */,
				60FE65D22848A1E50049C99C /* MainView.swift in Sources */,
				60FE65D028489D710049C99C /* HomeButton.swift in Sources */,
				6057710B284788A800A36FD9 /* ColorPalette.swift in Sources */,
				60F456072848DE0900EF3CEA /* ScreenshotView.swift in Sources */,
				605898CC2853200E00A4209D /* CircleProgressBar.swift in Sources */,
				C3360CB628477CB4005994F8 /* OnboardingView.swift in Sources */,
				605831E72857C4DD009A65FB /* PhotoModel.xcdatamodeld in Sources */,
				C32C5177285A205C00E1C78A /* ViewController.swift in Sources */,
				60D7DACD2851DE8200BAB46C /* StorageListView.swift in Sources */,
				C3ECFD372858BA4400DBDC63 /* VideoModel.swift in Sources */,
				C305039E2848F2590068A1F5 /* SettingsButton.swift in Sources */,
				6060366A2850EDCE006F54F6 /* PasscodeView.swift in Sources */,
				C3360CA828477B60005994F8 /* SmartCleanerApp.swift in Sources */,
				C369804A284F6824004D59E0 /* Functions.swift in Sources */,
				C3698048284F67D6004D59E0 /* DuplicateModel.swift in Sources */,
				605831EA2857C502009A65FB /* Photo+CoreDataClass.swift in Sources */,
				60F456092848DE1000EF3CEA /* VaultWelcomeView.swift in Sources */,
				60D7DAD12851FC1800BAB46C /* PasswordView.swift in Sources */,
				6012F37E2858F0D7006C4CEE /* Screenshot.swift in Sources */,
				60577107284781D600A36FD9 /* Globals.swift in Sources */,
				60577109284787D500A36FD9 /* Extensions.swift in Sources */,
				605831EB2857C502009A65FB /* Photo+CoreDataProperties.swift in Sources */,
				C305039C2848F00A0068A1F5 /* SettingsView.swift in Sources */,
			);
			runOnlyForDeploymentPostprocessing = 0;
		};
/* End PBXSourcesBuildPhase section */

/* Begin XCBuildConfiguration section */
		C3360CB028477B62005994F8 /* Debug */ = {
			isa = XCBuildConfiguration;
			buildSettings = {
				ALWAYS_SEARCH_USER_PATHS = NO;
				CLANG_ANALYZER_NONNULL = YES;
				CLANG_ANALYZER_NUMBER_OBJECT_CONVERSION = YES_AGGRESSIVE;
				CLANG_CXX_LANGUAGE_STANDARD = "gnu++17";
				CLANG_ENABLE_MODULES = YES;
				CLANG_ENABLE_OBJC_ARC = YES;
				CLANG_ENABLE_OBJC_WEAK = YES;
				CLANG_WARN_BLOCK_CAPTURE_AUTORELEASING = YES;
				CLANG_WARN_BOOL_CONVERSION = YES;
				CLANG_WARN_COMMA = YES;
				CLANG_WARN_CONSTANT_CONVERSION = YES;
				CLANG_WARN_DEPRECATED_OBJC_IMPLEMENTATIONS = YES;
				CLANG_WARN_DIRECT_OBJC_ISA_USAGE = YES_ERROR;
				CLANG_WARN_DOCUMENTATION_COMMENTS = YES;
				CLANG_WARN_EMPTY_BODY = YES;
				CLANG_WARN_ENUM_CONVERSION = YES;
				CLANG_WARN_INFINITE_RECURSION = YES;
				CLANG_WARN_INT_CONVERSION = YES;
				CLANG_WARN_NON_LITERAL_NULL_CONVERSION = YES;
				CLANG_WARN_OBJC_IMPLICIT_RETAIN_SELF = YES;
				CLANG_WARN_OBJC_LITERAL_CONVERSION = YES;
				CLANG_WARN_OBJC_ROOT_CLASS = YES_ERROR;
				CLANG_WARN_QUOTED_INCLUDE_IN_FRAMEWORK_HEADER = YES;
				CLANG_WARN_RANGE_LOOP_ANALYSIS = YES;
				CLANG_WARN_STRICT_PROTOTYPES = YES;
				CLANG_WARN_SUSPICIOUS_MOVE = YES;
				CLANG_WARN_UNGUARDED_AVAILABILITY = YES_AGGRESSIVE;
				CLANG_WARN_UNREACHABLE_CODE = YES;
				CLANG_WARN__DUPLICATE_METHOD_MATCH = YES;
				COPY_PHASE_STRIP = NO;
				DEBUG_INFORMATION_FORMAT = dwarf;
				ENABLE_STRICT_OBJC_MSGSEND = YES;
				ENABLE_TESTABILITY = YES;
				GCC_C_LANGUAGE_STANDARD = gnu11;
				GCC_DYNAMIC_NO_PIC = NO;
				GCC_NO_COMMON_BLOCKS = YES;
				GCC_OPTIMIZATION_LEVEL = 0;
				GCC_PREPROCESSOR_DEFINITIONS = (
					"DEBUG=1",
					"$(inherited)",
				);
				GCC_WARN_64_TO_32_BIT_CONVERSION = YES;
				GCC_WARN_ABOUT_RETURN_TYPE = YES_ERROR;
				GCC_WARN_UNDECLARED_SELECTOR = YES;
				GCC_WARN_UNINITIALIZED_AUTOS = YES_AGGRESSIVE;
				GCC_WARN_UNUSED_FUNCTION = YES;
				GCC_WARN_UNUSED_VARIABLE = YES;
				IPHONEOS_DEPLOYMENT_TARGET = 15.4;
				MTL_ENABLE_DEBUG_INFO = INCLUDE_SOURCE;
				MTL_FAST_MATH = YES;
				ONLY_ACTIVE_ARCH = YES;
				SDKROOT = iphoneos;
				SWIFT_ACTIVE_COMPILATION_CONDITIONS = DEBUG;
				SWIFT_OPTIMIZATION_LEVEL = "-Onone";
			};
			name = Debug;
		};
		C3360CB128477B62005994F8 /* Release */ = {
			isa = XCBuildConfiguration;
			buildSettings = {
				ALWAYS_SEARCH_USER_PATHS = NO;
				CLANG_ANALYZER_NONNULL = YES;
				CLANG_ANALYZER_NUMBER_OBJECT_CONVERSION = YES_AGGRESSIVE;
				CLANG_CXX_LANGUAGE_STANDARD = "gnu++17";
				CLANG_ENABLE_MODULES = YES;
				CLANG_ENABLE_OBJC_ARC = YES;
				CLANG_ENABLE_OBJC_WEAK = YES;
				CLANG_WARN_BLOCK_CAPTURE_AUTORELEASING = YES;
				CLANG_WARN_BOOL_CONVERSION = YES;
				CLANG_WARN_COMMA = YES;
				CLANG_WARN_CONSTANT_CONVERSION = YES;
				CLANG_WARN_DEPRECATED_OBJC_IMPLEMENTATIONS = YES;
				CLANG_WARN_DIRECT_OBJC_ISA_USAGE = YES_ERROR;
				CLANG_WARN_DOCUMENTATION_COMMENTS = YES;
				CLANG_WARN_EMPTY_BODY = YES;
				CLANG_WARN_ENUM_CONVERSION = YES;
				CLANG_WARN_INFINITE_RECURSION = YES;
				CLANG_WARN_INT_CONVERSION = YES;
				CLANG_WARN_NON_LITERAL_NULL_CONVERSION = YES;
				CLANG_WARN_OBJC_IMPLICIT_RETAIN_SELF = YES;
				CLANG_WARN_OBJC_LITERAL_CONVERSION = YES;
				CLANG_WARN_OBJC_ROOT_CLASS = YES_ERROR;
				CLANG_WARN_QUOTED_INCLUDE_IN_FRAMEWORK_HEADER = YES;
				CLANG_WARN_RANGE_LOOP_ANALYSIS = YES;
				CLANG_WARN_STRICT_PROTOTYPES = YES;
				CLANG_WARN_SUSPICIOUS_MOVE = YES;
				CLANG_WARN_UNGUARDED_AVAILABILITY = YES_AGGRESSIVE;
				CLANG_WARN_UNREACHABLE_CODE = YES;
				CLANG_WARN__DUPLICATE_METHOD_MATCH = YES;
				COPY_PHASE_STRIP = NO;
				DEBUG_INFORMATION_FORMAT = "dwarf-with-dsym";
				ENABLE_NS_ASSERTIONS = NO;
				ENABLE_STRICT_OBJC_MSGSEND = YES;
				GCC_C_LANGUAGE_STANDARD = gnu11;
				GCC_NO_COMMON_BLOCKS = YES;
				GCC_WARN_64_TO_32_BIT_CONVERSION = YES;
				GCC_WARN_ABOUT_RETURN_TYPE = YES_ERROR;
				GCC_WARN_UNDECLARED_SELECTOR = YES;
				GCC_WARN_UNINITIALIZED_AUTOS = YES_AGGRESSIVE;
				GCC_WARN_UNUSED_FUNCTION = YES;
				GCC_WARN_UNUSED_VARIABLE = YES;
				IPHONEOS_DEPLOYMENT_TARGET = 15.4;
				MTL_ENABLE_DEBUG_INFO = NO;
				MTL_FAST_MATH = YES;
				SDKROOT = iphoneos;
				SWIFT_COMPILATION_MODE = wholemodule;
				SWIFT_OPTIMIZATION_LEVEL = "-O";
				VALIDATE_PRODUCT = YES;
			};
			name = Release;
		};
		C3360CB328477B62005994F8 /* Debug */ = {
			isa = XCBuildConfiguration;
			baseConfigurationReference = CA972D8281451C9EBC419CAE /* Pods-SmartCleaner.debug.xcconfig */;
			buildSettings = {
				ASSETCATALOG_COMPILER_APPICON_NAME = AppIcon;
				ASSETCATALOG_COMPILER_GLOBAL_ACCENT_COLOR_NAME = AccentColor;
				CODE_SIGN_STYLE = Automatic;
				CURRENT_PROJECT_VERSION = 1;
				DEVELOPMENT_ASSET_PATHS = "\"SmartCleaner/Preview Content\"";
				DEVELOPMENT_TEAM = UH5437SQWZ;
				ENABLE_PREVIEWS = YES;
				GENERATE_INFOPLIST_FILE = YES;
				INFOPLIST_FILE = SmartCleaner/Info.plist;
				INFOPLIST_KEY_UIApplicationSceneManifest_Generation = YES;
				INFOPLIST_KEY_UIApplicationSupportsIndirectInputEvents = YES;
				INFOPLIST_KEY_UILaunchScreen_Generation = YES;
				INFOPLIST_KEY_UISupportedInterfaceOrientations_iPad = "UIInterfaceOrientationPortrait UIInterfaceOrientationPortraitUpsideDown UIInterfaceOrientationLandscapeLeft UIInterfaceOrientationLandscapeRight";
				INFOPLIST_KEY_UISupportedInterfaceOrientations_iPhone = "UIInterfaceOrientationPortrait UIInterfaceOrientationLandscapeLeft UIInterfaceOrientationLandscapeRight";
				LD_RUNPATH_SEARCH_PATHS = (
					"$(inherited)",
					"@executable_path/Frameworks",
				);
				MARKETING_VERSION = 1.0;
				PRODUCT_BUNDLE_IDENTIFIER = com.smartmobile.cleaner;
				PRODUCT_NAME = "$(TARGET_NAME)";
				SWIFT_EMIT_LOC_STRINGS = YES;
				SWIFT_VERSION = 5.0;
				TARGETED_DEVICE_FAMILY = "1,2";
			};
			name = Debug;
		};
		C3360CB428477B62005994F8 /* Release */ = {
			isa = XCBuildConfiguration;
			baseConfigurationReference = 82B291CF73DF8A05E8FD72B6 /* Pods-SmartCleaner.release.xcconfig */;
			buildSettings = {
				ASSETCATALOG_COMPILER_APPICON_NAME = AppIcon;
				ASSETCATALOG_COMPILER_GLOBAL_ACCENT_COLOR_NAME = AccentColor;
				CODE_SIGN_STYLE = Automatic;
				CURRENT_PROJECT_VERSION = 1;
				DEVELOPMENT_ASSET_PATHS = "\"SmartCleaner/Preview Content\"";
				DEVELOPMENT_TEAM = UH5437SQWZ;
				ENABLE_PREVIEWS = YES;
				GENERATE_INFOPLIST_FILE = YES;
				INFOPLIST_FILE = SmartCleaner/Info.plist;
				INFOPLIST_KEY_UIApplicationSceneManifest_Generation = YES;
				INFOPLIST_KEY_UIApplicationSupportsIndirectInputEvents = YES;
				INFOPLIST_KEY_UILaunchScreen_Generation = YES;
				INFOPLIST_KEY_UISupportedInterfaceOrientations_iPad = "UIInterfaceOrientationPortrait UIInterfaceOrientationPortraitUpsideDown UIInterfaceOrientationLandscapeLeft UIInterfaceOrientationLandscapeRight";
				INFOPLIST_KEY_UISupportedInterfaceOrientations_iPhone = "UIInterfaceOrientationPortrait UIInterfaceOrientationLandscapeLeft UIInterfaceOrientationLandscapeRight";
				LD_RUNPATH_SEARCH_PATHS = (
					"$(inherited)",
					"@executable_path/Frameworks",
				);
				MARKETING_VERSION = 1.0;
				PRODUCT_BUNDLE_IDENTIFIER = com.smartmobile.cleaner;
				PRODUCT_NAME = "$(TARGET_NAME)";
				SWIFT_EMIT_LOC_STRINGS = YES;
				SWIFT_VERSION = 5.0;
				TARGETED_DEVICE_FAMILY = "1,2";
			};
			name = Release;
		};
/* End XCBuildConfiguration section */

/* Begin XCConfigurationList section */
		C3360C9F28477B60005994F8 /* Build configuration list for PBXProject "SmartCleaner" */ = {
			isa = XCConfigurationList;
			buildConfigurations = (
				C3360CB028477B62005994F8 /* Debug */,
				C3360CB128477B62005994F8 /* Release */,
			);
			defaultConfigurationIsVisible = 0;
			defaultConfigurationName = Release;
		};
		C3360CB228477B62005994F8 /* Build configuration list for PBXNativeTarget "SmartCleaner" */ = {
			isa = XCConfigurationList;
			buildConfigurations = (
				C3360CB328477B62005994F8 /* Debug */,
				C3360CB428477B62005994F8 /* Release */,
			);
			defaultConfigurationIsVisible = 0;
			defaultConfigurationName = Release;
		};
/* End XCConfigurationList section */

/* Begin XCRemoteSwiftPackageReference section */
		60B638C2285A0060007D4284 /* XCRemoteSwiftPackageReference "swiftui-image-viewer" */ = {
			isa = XCRemoteSwiftPackageReference;
			repositoryURL = "https://github.com/Jake-Short/swiftui-image-viewer.git";
			requirement = {
				kind = upToNextMajorVersion;
				minimumVersion = 2.0.0;
			};
		};
		C3698044284F4621004D59E0 /* XCRemoteSwiftPackageReference "AlertX" */ = {
			isa = XCRemoteSwiftPackageReference;
			repositoryURL = "https://github.com/neel-makhecha/AlertX.git";
			requirement = {
				kind = upToNextMajorVersion;
				minimumVersion = 1.0.0;
			};
		};
/* End XCRemoteSwiftPackageReference section */

/* Begin XCSwiftPackageProductDependency section */
		60B638C3285A0060007D4284 /* ImageViewer */ = {
			isa = XCSwiftPackageProductDependency;
			package = 60B638C2285A0060007D4284 /* XCRemoteSwiftPackageReference "swiftui-image-viewer" */;
			productName = ImageViewer;
		};
		C3698045284F4621004D59E0 /* AlertX */ = {
			isa = XCSwiftPackageProductDependency;
			package = C3698044284F4621004D59E0 /* XCRemoteSwiftPackageReference "AlertX" */;
			productName = AlertX;
		};
/* End XCSwiftPackageProductDependency section */

/* Begin XCVersionGroup section */
		605831E52857C4DD009A65FB /* PhotoModel.xcdatamodeld */ = {
			isa = XCVersionGroup;
			children = (
				605831E62857C4DD009A65FB /* PhotoModel.xcdatamodel */,
			);
			currentVersion = 605831E62857C4DD009A65FB /* PhotoModel.xcdatamodel */;
			name = PhotoModel.xcdatamodeld;
			path = ../View/PhotoModel.xcdatamodeld;
			sourceTree = "<group>";
			versionGroupType = wrapper.xcdatamodel;
		};
/* End XCVersionGroup section */
	};
	rootObject = C3360C9C28477B60005994F8 /* Project object */;
}
